
Microsoft Visual Studio Solution File, Format Version 12.00
# Visual Studio Version 17
VisualStudioVersion = 17.5.33424.131
MinimumVisualStudioVersion = 10.0.40219.1
Project("{9A19103F-16F7-4668-BE54-9A1E7A4F7556}") = "TatBlog.Core", "TatBlog.Core\TatBlog.Core.csproj", "{74DF853F-0154-49A7-BF3A-76B8C324E160}"
EndProject
Project("{9A19103F-16F7-4668-BE54-9A1E7A4F7556}") = "TatBlog.Data", "TatBlog.Data\TatBlog.Data.csproj", "{87A6846D-B456-4AB4-87DE-AAE186DB984A}"
EndProject
Project("{9A19103F-16F7-4668-BE54-9A1E7A4F7556}") = "TatBlog.Services", "TatBlog.Services\TatBlog.Services.csproj", "{26BB6B89-84E5-4A44-AA01-BD779A021822}"
EndProject
Project("{9A19103F-16F7-4668-BE54-9A1E7A4F7556}") = "TatBlog.WinApp", "TatBlog.WinApp\TatBlog.WinApp.csproj", "{AF3CC002-513B-4D4D-9144-7F6E1DBABEFC}"
EndProject
Project("{FAE04EC0-301F-11D3-BF4B-00C04F79EFBC}") = "TatBlog.WebApp", "TatBlog.WebApp\TatBlog.WebApp.csproj", "{69E5FC67-772A-4F1C-A8A2-9F8A1903E404}"
EndProject
Global
	GlobalSection(SolutionConfigurationPlatforms) = preSolution
		Debug|Any CPU = Debug|Any CPU
		Release|Any CPU = Release|Any CPU
	EndGlobalSection
	GlobalSection(ProjectConfigurationPlatforms) = postSolution
		{74DF853F-0154-49A7-BF3A-76B8C324E160}.Debug|Any CPU.ActiveCfg = Debug|Any CPU
		{74DF853F-0154-49A7-BF3A-76B8C324E160}.Debug|Any CPU.Build.0 = Debug|Any CPU
		{74DF853F-0154-49A7-BF3A-76B8C324E160}.Release|Any CPU.ActiveCfg = Release|Any CPU
		{74DF853F-0154-49A7-BF3A-76B8C324E160}.Release|Any CPU.Build.0 = Release|Any CPU
		{87A6846D-B456-4AB4-87DE-AAE186DB984A}.Debug|Any CPU.ActiveCfg = Debug|Any CPU
		{87A6846D-B456-4AB4-87DE-AAE186DB984A}.Debug|Any CPU.Build.0 = Debug|Any CPU
		{87A6846D-B456-4AB4-87DE-AAE186DB984A}.Release|Any CPU.ActiveCfg = Release|Any CPU
		{87A6846D-B456-4AB4-87DE-AAE186DB984A}.Release|Any CPU.Build.0 = Release|Any CPU
		{26BB6B89-84E5-4A44-AA01-BD779A021822}.Debug|Any CPU.ActiveCfg = Debug|Any CPU
		{26BB6B89-84E5-4A44-AA01-BD779A021822}.Debug|Any CPU.Build.0 = Debug|Any CPU
		{26BB6B89-84E5-4A44-AA01-BD779A021822}.Release|Any CPU.ActiveCfg = Release|Any CPU
		{26BB6B89-84E5-4A44-AA01-BD779A021822}.Release|Any CPU.Build.0 = Release|Any CPU
		{AF3CC002-513B-4D4D-9144-7F6E1DBABEFC}.Debug|Any CPU.ActiveCfg = Debug|Any CPU
		{AF3CC002-513B-4D4D-9144-7F6E1DBABEFC}.Debug|Any CPU.Build.0 = Debug|Any CPU
		{AF3CC002-513B-4D4D-9144-7F6E1DBABEFC}.Release|Any CPU.ActiveCfg = Release|Any CPU
		{AF3CC002-513B-4D4D-9144-7F6E1DBABEFC}.Release|Any CPU.Build.0 = Release|Any CPU
		{69E5FC67-772A-4F1C-A8A2-9F8A1903E404}.Debug|Any CPU.ActiveCfg = Debug|Any CPU
		{69E5FC67-772A-4F1C-A8A2-9F8A1903E404}.Debug|Any CPU.Build.0 = Debug|Any CPU
		{69E5FC67-772A-4F1C-A8A2-9F8A1903E404}.Release|Any CPU.ActiveCfg = Release|Any CPU
		{69E5FC67-772A-4F1C-A8A2-9F8A1903E404}.Release|Any CPU.Build.0 = Release|Any CPU
	EndGlobalSection
	GlobalSection(SolutionProperties) = preSolution
		HideSolutionNode = FALSE
	EndGlobalSection
	GlobalSection(ExtensibilityGlobals) = postSolution
		SolutionGuid = {76FEFFA6-EC60-47C9-BF1F-A0F828698232}
	EndGlobalSection
EndGlobal
