
Microsoft Visual Studio Solution File, Format Version 12.00
# Visual Studio Version 17
VisualStudioVersion = 17.5.33424.131
MinimumVisualStudioVersion = 10.0.40219.1
Project("{9A19103F-16F7-4668-BE54-9A1E7A4F7556}") = "TatBlog.Core", "TatBlog.Core\TatBlog.Core.csproj", "{B42BEBF5-F523-4FE7-890D-7345D038E5E9}"
EndProject
Project("{9A19103F-16F7-4668-BE54-9A1E7A4F7556}") = "TatBlog.Data", "TatBlog.Data\TatBlog.Data.csproj", "{CCEC86A4-CCB6-43D2-AB7F-466E00F3CFC5}"
EndProject
Project("{9A19103F-16F7-4668-BE54-9A1E7A4F7556}") = "TatBlog.Services", "TatBlog.Services\TatBlog.Services.csproj", "{63C1EFF2-6591-4141-B27A-5D3081D8C224}"
EndProject
Project("{9A19103F-16F7-4668-BE54-9A1E7A4F7556}") = "TatBlog.WinApp", "TatBlog.WinApp\TatBlog.WinApp.csproj", "{61F3C11B-5191-4C16-97BA-3B83A0E7AB70}"
EndProject
Project("{9A19103F-16F7-4668-BE54-9A1E7A4F7556}") = "TatBlog.WebApp", "TatBlog.WebApp\TatBlog.WebApp.csproj", "{569E4DF5-AB4C-4037-AF4A-A354FB8A31FC}"
EndProject
Project("{FAE04EC0-301F-11D3-BF4B-00C04F79EFBC}") = "TatBlog.WebApi", "TatBlog.WebApi\TatBlog.WebApi.csproj", "{6A2C7CF7-2721-4CFC-A0E4-337D18DB31D4}"
EndProject
Global
	GlobalSection(SolutionConfigurationPlatforms) = preSolution
		Debug|Any CPU = Debug|Any CPU
		Release|Any CPU = Release|Any CPU
	EndGlobalSection
	GlobalSection(ProjectConfigurationPlatforms) = postSolution
		{B42BEBF5-F523-4FE7-890D-7345D038E5E9}.Debug|Any CPU.ActiveCfg = Debug|Any CPU
		{B42BEBF5-F523-4FE7-890D-7345D038E5E9}.Debug|Any CPU.Build.0 = Debug|Any CPU
		{B42BEBF5-F523-4FE7-890D-7345D038E5E9}.Release|Any CPU.ActiveCfg = Release|Any CPU
		{B42BEBF5-F523-4FE7-890D-7345D038E5E9}.Release|Any CPU.Build.0 = Release|Any CPU
		{CCEC86A4-CCB6-43D2-AB7F-466E00F3CFC5}.Debug|Any CPU.ActiveCfg = Debug|Any CPU
		{CCEC86A4-CCB6-43D2-AB7F-466E00F3CFC5}.Debug|Any CPU.Build.0 = Debug|Any CPU
		{CCEC86A4-CCB6-43D2-AB7F-466E00F3CFC5}.Release|Any CPU.ActiveCfg = Release|Any CPU
		{CCEC86A4-CCB6-43D2-AB7F-466E00F3CFC5}.Release|Any CPU.Build.0 = Release|Any CPU
		{63C1EFF2-6591-4141-B27A-5D3081D8C224}.Debug|Any CPU.ActiveCfg = Debug|Any CPU
		{63C1EFF2-6591-4141-B27A-5D3081D8C224}.Debug|Any CPU.Build.0 = Debug|Any CPU
		{63C1EFF2-6591-4141-B27A-5D3081D8C224}.Release|Any CPU.ActiveCfg = Release|Any CPU
		{63C1EFF2-6591-4141-B27A-5D3081D8C224}.Release|Any CPU.Build.0 = Release|Any CPU
		{61F3C11B-5191-4C16-97BA-3B83A0E7AB70}.Debug|Any CPU.ActiveCfg = Debug|Any CPU
		{61F3C11B-5191-4C16-97BA-3B83A0E7AB70}.Debug|Any CPU.Build.0 = Debug|Any CPU
		{61F3C11B-5191-4C16-97BA-3B83A0E7AB70}.Release|Any CPU.ActiveCfg = Release|Any CPU
		{61F3C11B-5191-4C16-97BA-3B83A0E7AB70}.Release|Any CPU.Build.0 = Release|Any CPU
		{569E4DF5-AB4C-4037-AF4A-A354FB8A31FC}.Debug|Any CPU.ActiveCfg = Debug|Any CPU
		{569E4DF5-AB4C-4037-AF4A-A354FB8A31FC}.Debug|Any CPU.Build.0 = Debug|Any CPU
		{569E4DF5-AB4C-4037-AF4A-A354FB8A31FC}.Release|Any CPU.ActiveCfg = Release|Any CPU
		{569E4DF5-AB4C-4037-AF4A-A354FB8A31FC}.Release|Any CPU.Build.0 = Release|Any CPU
		{6A2C7CF7-2721-4CFC-A0E4-337D18DB31D4}.Debug|Any CPU.ActiveCfg = Debug|Any CPU
		{6A2C7CF7-2721-4CFC-A0E4-337D18DB31D4}.Debug|Any CPU.Build.0 = Debug|Any CPU
		{6A2C7CF7-2721-4CFC-A0E4-337D18DB31D4}.Release|Any CPU.ActiveCfg = Release|Any CPU
		{6A2C7CF7-2721-4CFC-A0E4-337D18DB31D4}.Release|Any CPU.Build.0 = Release|Any CPU
	EndGlobalSection
	GlobalSection(SolutionProperties) = preSolution
		HideSolutionNode = FALSE
	EndGlobalSection
	GlobalSection(ExtensibilityGlobals) = postSolution
		SolutionGuid = {CA9E240C-28D4-4FAF-8DF7-404ED0D24181}
	EndGlobalSection
EndGlobal
